
Microsoft Visual Studio Solution File, Format Version 12.00
# Visual Studio 2013
VisualStudioVersion = 12.0.31101.0
MinimumVisualStudioVersion = 10.0.40219.1
Project("{FAE04EC0-301F-11D3-BF4B-00C04F79EFBC}") = "code", "code\code.csproj", "{224FEFD0-5E00-458D-AA8E-2C6B4698FF22}"
EndProject
Project("{FAE04EC0-301F-11D3-BF4B-00C04F79EFBC}") = "test", "test\test.csproj", "{DCC7EF34-618C-4ED2-8702-9220EC9236FA}"
EndProject
Project("{2150E333-8FDC-42A3-9474-1A3956D46DE8}") = ".nuget", ".nuget", "{479B5B73-000B-4672-A3DB-A68EB3FEDD50}"
	ProjectSection(SolutionItems) = preProject
		.nuget\packages.config = .nuget\packages.config
	EndProjectSection
EndProject
Global
	GlobalSection(SolutionConfigurationPlatforms) = preSolution
		Debug|Any CPU = Debug|Any CPU
		Release|Any CPU = Release|Any CPU
	EndGlobalSection
	GlobalSection(ProjectConfigurationPlatforms) = postSolution
		{224FEFD0-5E00-458D-AA8E-2C6B4698FF22}.Debug|Any CPU.ActiveCfg = Debug|Any CPU
		{224FEFD0-5E00-458D-AA8E-2C6B4698FF22}.Debug|Any CPU.Build.0 = Debug|Any CPU
		{224FEFD0-5E00-458D-AA8E-2C6B4698FF22}.Release|Any CPU.ActiveCfg = Release|Any CPU
		{224FEFD0-5E00-458D-AA8E-2C6B4698FF22}.Release|Any CPU.Build.0 = Release|Any CPU
		{DCC7EF34-618C-4ED2-8702-9220EC9236FA}.Debug|Any CPU.ActiveCfg = Debug|Any CPU
		{DCC7EF34-618C-4ED2-8702-9220EC9236FA}.Debug|Any CPU.Build.0 = Debug|Any CPU
		{DCC7EF34-618C-4ED2-8702-9220EC9236FA}.Release|Any CPU.ActiveCfg = Release|Any CPU
		{DCC7EF34-618C-4ED2-8702-9220EC9236FA}.Release|Any CPU.Build.0 = Release|Any CPU
	EndGlobalSection
	GlobalSection(SolutionProperties) = preSolution
		HideSolutionNode = FALSE
	EndGlobalSection
EndGlobal
